// !$*UTF8*$!
{
	archiveVersion = 1;
	classes = {
	};
	objectVersion = 56;
	objects = {

/* Begin PBXBuildFile section */
		EF4651142A7A1AB40018478D /* AppDelegate.swift in Sources */ = {isa = PBXBuildFile; fileRef = EF4651132A7A1AB40018478D /* AppDelegate.swift */; };
		EF4651162A7A1AB40018478D /* SceneDelegate.swift in Sources */ = {isa = PBXBuildFile; fileRef = EF4651152A7A1AB40018478D /* SceneDelegate.swift */; };
		EF4651182A7A1AB40018478D /* ViewController.swift in Sources */ = {isa = PBXBuildFile; fileRef = EF4651172A7A1AB40018478D /* ViewController.swift */; };
		EF46511B2A7A1AB40018478D /* Main.storyboard in Resources */ = {isa = PBXBuildFile; fileRef = EF4651192A7A1AB40018478D /* Main.storyboard */; };
		EF46511D2A7A1AB60018478D /* Assets.xcassets in Resources */ = {isa = PBXBuildFile; fileRef = EF46511C2A7A1AB60018478D /* Assets.xcassets */; };
		EF4651202A7A1AB60018478D /* LaunchScreen.storyboard in Resources */ = {isa = PBXBuildFile; fileRef = EF46511E2A7A1AB60018478D /* LaunchScreen.storyboard */; };
		EF46512B2A7A23B30018478D /* Item.swift in Sources */ = {isa = PBXBuildFile; fileRef = EF46512A2A7A23B30018478D /* Item.swift */; };
		EF4651302A7A25680018478D /* WishlistCell.swift in Sources */ = {isa = PBXBuildFile; fileRef = EF46512E2A7A25680018478D /* WishlistCell.swift */; };
		EF4651312A7A25680018478D /* WishlistCell.xib in Resources */ = {isa = PBXBuildFile; fileRef = EF46512F2A7A25680018478D /* WishlistCell.xib */; };
		EF4651332A7A28D20018478D /* Constants.swift in Sources */ = {isa = PBXBuildFile; fileRef = EF4651322A7A28D20018478D /* Constants.swift */; };
/* End PBXBuildFile section */

/* Begin PBXFileReference section */
		EF4651102A7A1AB40018478D /* Wishlist.app */ = {isa = PBXFileReference; explicitFileType = wrapper.application; includeInIndex = 0; path = Wishlist.app; sourceTree = BUILT_PRODUCTS_DIR; };
		EF4651132A7A1AB40018478D /* AppDelegate.swift */ = {isa = PBXFileReference; lastKnownFileType = sourcecode.swift; path = AppDelegate.swift; sourceTree = "<group>"; };
		EF4651152A7A1AB40018478D /* SceneDelegate.swift */ = {isa = PBXFileReference; lastKnownFileType = sourcecode.swift; path = SceneDelegate.swift; sourceTree = "<group>"; };
		EF4651172A7A1AB40018478D /* ViewController.swift */ = {isa = PBXFileReference; lastKnownFileType = sourcecode.swift; path = ViewController.swift; sourceTree = "<group>"; };
		EF46511A2A7A1AB40018478D /* Base */ = {isa = PBXFileReference; lastKnownFileType = file.storyboard; name = Base; path = Base.lproj/Main.storyboard; sourceTree = "<group>"; };
		EF46511C2A7A1AB60018478D /* Assets.xcassets */ = {isa = PBXFileReference; lastKnownFileType = folder.assetcatalog; path = Assets.xcassets; sourceTree = "<group>"; };
		EF46511F2A7A1AB60018478D /* Base */ = {isa = PBXFileReference; lastKnownFileType = file.storyboard; name = Base; path = Base.lproj/LaunchScreen.storyboard; sourceTree = "<group>"; };
		EF4651212A7A1AB60018478D /* Info.plist */ = {isa = PBXFileReference; lastKnownFileType = text.plist.xml; path = Info.plist; sourceTree = "<group>"; };
		EF46512A2A7A23B30018478D /* Item.swift */ = {isa = PBXFileReference; lastKnownFileType = sourcecode.swift; path = Item.swift; sourceTree = "<group>"; };
		EF46512E2A7A25680018478D /* WishlistCell.swift */ = {isa = PBXFileReference; lastKnownFileType = sourcecode.swift; path = WishlistCell.swift; sourceTree = "<group>"; };
		EF46512F2A7A25680018478D /* WishlistCell.xib */ = {isa = PBXFileReference; lastKnownFileType = file.xib; path = WishlistCell.xib; sourceTree = "<group>"; };
		EF4651322A7A28D20018478D /* Constants.swift */ = {isa = PBXFileReference; lastKnownFileType = sourcecode.swift; path = Constants.swift; sourceTree = "<group>"; };
/* End PBXFileReference section */

/* Begin PBXFrameworksBuildPhase section */
		EF46510D2A7A1AB40018478D /* Frameworks */ = {
			isa = PBXFrameworksBuildPhase;
			buildActionMask = 2147483647;
			files = (
			);
			runOnlyForDeploymentPostprocessing = 0;
		};
/* End PBXFrameworksBuildPhase section */

/* Begin PBXGroup section */
		EF4651072A7A1AB40018478D = {
			isa = PBXGroup;
			children = (
				EF4651122A7A1AB40018478D /* Wishlist */,
				EF4651112A7A1AB40018478D /* Products */,
			);
			sourceTree = "<group>";
		};
		EF4651112A7A1AB40018478D /* Products */ = {
			isa = PBXGroup;
			children = (
				EF4651102A7A1AB40018478D /* Wishlist.app */,
			);
			name = Products;
			sourceTree = "<group>";
		};
		EF4651122A7A1AB40018478D /* Wishlist */ = {
			isa = PBXGroup;
			children = (
				EF4651132A7A1AB40018478D /* AppDelegate.swift */,
				EF4651152A7A1AB40018478D /* SceneDelegate.swift */,
				EF46512C2A7A23D00018478D /* Models */,
				EF4651292A7A229C0018478D /* Views */,
				EF46512D2A7A23DD0018478D /* Controllers */,
				EF46511C2A7A1AB60018478D /* Assets.xcassets */,
				EF46511E2A7A1AB60018478D /* LaunchScreen.storyboard */,
				EF4651212A7A1AB60018478D /* Info.plist */,
				EF4651322A7A28D20018478D /* Constants.swift */,
			);
			path = Wishlist;
			sourceTree = "<group>";
		};
		EF4651292A7A229C0018478D /* Views */ = {
			isa = PBXGroup;
			children = (
				EF4651192A7A1AB40018478D /* Main.storyboard */,
				EF46512E2A7A25680018478D /* WishlistCell.swift */,
				EF46512F2A7A25680018478D /* WishlistCell.xib */,
			);
			path = Views;
			sourceTree = "<group>";
		};
		EF46512C2A7A23D00018478D /* Models */ = {
			isa = PBXGroup;
			children = (
				EF46512A2A7A23B30018478D /* Item.swift */,
			);
			path = Models;
			sourceTree = "<group>";
		};
		EF46512D2A7A23DD0018478D /* Controllers */ = {
			isa = PBXGroup;
			children = (
				EF4651172A7A1AB40018478D /* ViewController.swift */,
			);
			path = Controllers;
			sourceTree = "<group>";
		};
/* End PBXGroup section */

/* Begin PBXNativeTarget section */
		EF46510F2A7A1AB40018478D /* Wishlist */ = {
			isa = PBXNativeTarget;
			buildConfigurationList = EF4651242A7A1AB60018478D /* Build configuration list for PBXNativeTarget "Wishlist" */;
			buildPhases = (
				EF46510C2A7A1AB40018478D /* Sources */,
				EF46510D2A7A1AB40018478D /* Frameworks */,
				EF46510E2A7A1AB40018478D /* Resources */,
			);
			buildRules = (
			);
			dependencies = (
			);
			name = Wishlist;
			productName = Wishlist;
			productReference = EF4651102A7A1AB40018478D /* Wishlist.app */;
			productType = "com.apple.product-type.application";
		};
/* End PBXNativeTarget section */

/* Begin PBXProject section */
		EF4651082A7A1AB40018478D /* Project object */ = {
			isa = PBXProject;
			attributes = {
				BuildIndependentTargetsInParallel = 1;
				LastSwiftUpdateCheck = 1430;
				LastUpgradeCheck = 1430;
				TargetAttributes = {
					EF46510F2A7A1AB40018478D = {
						CreatedOnToolsVersion = 14.3;
					};
				};
			};
			buildConfigurationList = EF46510B2A7A1AB40018478D /* Build configuration list for PBXProject "Wishlist" */;
			compatibilityVersion = "Xcode 14.0";
			developmentRegion = en;
			hasScannedForEncodings = 0;
			knownRegions = (
				en,
				Base,
			);
			mainGroup = EF4651072A7A1AB40018478D;
			productRefGroup = EF4651112A7A1AB40018478D /* Products */;
			projectDirPath = "";
			projectRoot = "";
			targets = (
				EF46510F2A7A1AB40018478D /* Wishlist */,
			);
		};
/* End PBXProject section */

/* Begin PBXResourcesBuildPhase section */
		EF46510E2A7A1AB40018478D /* Resources */ = {
			isa = PBXResourcesBuildPhase;
			buildActionMask = 2147483647;
			files = (
				EF4651312A7A25680018478D /* WishlistCell.xib in Resources */,
				EF4651202A7A1AB60018478D /* LaunchScreen.storyboard in Resources */,
				EF46511D2A7A1AB60018478D /* Assets.xcassets in Resources */,
				EF46511B2A7A1AB40018478D /* Main.storyboard in Resources */,
			);
			runOnlyForDeploymentPostprocessing = 0;
		};
/* End PBXResourcesBuildPhase section */

/* Begin PBXSourcesBuildPhase section */
		EF46510C2A7A1AB40018478D /* Sources */ = {
			isa = PBXSourcesBuildPhase;
			buildActionMask = 2147483647;
			files = (
				EF46512B2A7A23B30018478D /* Item.swift in Sources */,
				EF4651182A7A1AB40018478D /* ViewController.swift in Sources */,
				EF4651302A7A25680018478D /* WishlistCell.swift in Sources */,
				EF4651142A7A1AB40018478D /* AppDelegate.swift in Sources */,
				EF4651162A7A1AB40018478D /* SceneDelegate.swift in Sources */,
				EF4651332A7A28D20018478D /* Constants.swift in Sources */,
			);
			runOnlyForDeploymentPostprocessing = 0;
		};
/* End PBXSourcesBuildPhase section */

/* Begin PBXVariantGroup section */
		EF4651192A7A1AB40018478D /* Main.storyboard */ = {
			isa = PBXVariantGroup;
			children = (
				EF46511A2A7A1AB40018478D /* Base */,
			);
			name = Main.storyboard;
			sourceTree = "<group>";
		};
		EF46511E2A7A1AB60018478D /* LaunchScreen.storyboard */ = {
			isa = PBXVariantGroup;
			children = (
				EF46511F2A7A1AB60018478D /* Base */,
			);
			name = LaunchScreen.storyboard;
			sourceTree = "<group>";
		};
/* End PBXVariantGroup section */

/* Begin XCBuildConfiguration section */
		EF4651222A7A1AB60018478D /* Debug */ = {
			isa = XCBuildConfiguration;
			buildSettings = {
				ALWAYS_SEARCH_USER_PATHS = NO;
				CLANG_ANALYZER_NONNULL = YES;
				CLANG_ANALYZER_NUMBER_OBJECT_CONVERSION = YES_AGGRESSIVE;
				CLANG_CXX_LANGUAGE_STANDARD = "gnu++20";
				CLANG_ENABLE_MODULES = YES;
				CLANG_ENABLE_OBJC_ARC = YES;
				CLANG_ENABLE_OBJC_WEAK = YES;
				CLANG_WARN_BLOCK_CAPTURE_AUTORELEASING = YES;
				CLANG_WARN_BOOL_CONVERSION = YES;
				CLANG_WARN_COMMA = YES;
				CLANG_WARN_CONSTANT_CONVERSION = YES;
				CLANG_WARN_DEPRECATED_OBJC_IMPLEMENTATIONS = YES;
				CLANG_WARN_DIRECT_OBJC_ISA_USAGE = YES_ERROR;
				CLANG_WARN_DOCUMENTATION_COMMENTS = YES;
				CLANG_WARN_EMPTY_BODY = YES;
				CLANG_WARN_ENUM_CONVERSION = YES;
				CLANG_WARN_INFINITE_RECURSION = YES;
				CLANG_WARN_INT_CONVERSION = YES;
				CLANG_WARN_NON_LITERAL_NULL_CONVERSION = YES;
				CLANG_WARN_OBJC_IMPLICIT_RETAIN_SELF = YES;
				CLANG_WARN_OBJC_LITERAL_CONVERSION = YES;
				CLANG_WARN_OBJC_ROOT_CLASS = YES_ERROR;
				CLANG_WARN_QUOTED_INCLUDE_IN_FRAMEWORK_HEADER = YES;
				CLANG_WARN_RANGE_LOOP_ANALYSIS = YES;
				CLANG_WARN_STRICT_PROTOTYPES = YES;
				CLANG_WARN_SUSPICIOUS_MOVE = YES;
				CLANG_WARN_UNGUARDED_AVAILABILITY = YES_AGGRESSIVE;
				CLANG_WARN_UNREACHABLE_CODE = YES;
				CLANG_WARN__DUPLICATE_METHOD_MATCH = YES;
				COPY_PHASE_STRIP = NO;
				DEBUG_INFORMATION_FORMAT = dwarf;
				ENABLE_STRICT_OBJC_MSGSEND = YES;
				ENABLE_TESTABILITY = YES;
				GCC_C_LANGUAGE_STANDARD = gnu11;
				GCC_DYNAMIC_NO_PIC = NO;
				GCC_NO_COMMON_BLOCKS = YES;
				GCC_OPTIMIZATION_LEVEL = 0;
				GCC_PREPROCESSOR_DEFINITIONS = (
					"DEBUG=1",
					"$(inherited)",
				);
				GCC_WARN_64_TO_32_BIT_CONVERSION = YES;
				GCC_WARN_ABOUT_RETURN_TYPE = YES_ERROR;
				GCC_WARN_UNDECLARED_SELECTOR = YES;
				GCC_WARN_UNINITIALIZED_AUTOS = YES_AGGRESSIVE;
				GCC_WARN_UNUSED_FUNCTION = YES;
				GCC_WARN_UNUSED_VARIABLE = YES;
				IPHONEOS_DEPLOYMENT_TARGET = 16.4;
				MTL_ENABLE_DEBUG_INFO = INCLUDE_SOURCE;
				MTL_FAST_MATH = YES;
				ONLY_ACTIVE_ARCH = YES;
				SDKROOT = iphoneos;
				SWIFT_ACTIVE_COMPILATION_CONDITIONS = DEBUG;
				SWIFT_OPTIMIZATION_LEVEL = "-Onone";
			};
			name = Debug;
		};
		EF4651232A7A1AB60018478D /* Release */ = {
			isa = XCBuildConfiguration;
			buildSettings = {
				ALWAYS_SEARCH_USER_PATHS = NO;
				CLANG_ANALYZER_NONNULL = YES;
				CLANG_ANALYZER_NUMBER_OBJECT_CONVERSION = YES_AGGRESSIVE;
				CLANG_CXX_LANGUAGE_STANDARD = "gnu++20";
				CLANG_ENABLE_MODULES = YES;
				CLANG_ENABLE_OBJC_ARC = YES;
				CLANG_ENABLE_OBJC_WEAK = YES;
				CLANG_WARN_BLOCK_CAPTURE_AUTORELEASING = YES;
				CLANG_WARN_BOOL_CONVERSION = YES;
				CLANG_WARN_COMMA = YES;
				CLANG_WARN_CONSTANT_CONVERSION = YES;
				CLANG_WARN_DEPRECATED_OBJC_IMPLEMENTATIONS = YES;
				CLANG_WARN_DIRECT_OBJC_ISA_USAGE = YES_ERROR;
				CLANG_WARN_DOCUMENTATION_COMMENTS = YES;
				CLANG_WARN_EMPTY_BODY = YES;
				CLANG_WARN_ENUM_CONVERSION = YES;
				CLANG_WARN_INFINITE_RECURSION = YES;
				CLANG_WARN_INT_CONVERSION = YES;
				CLANG_WARN_NON_LITERAL_NULL_CONVERSION = YES;
				CLANG_WARN_OBJC_IMPLICIT_RETAIN_SELF = YES;
				CLANG_WARN_OBJC_LITERAL_CONVERSION = YES;
				CLANG_WARN_OBJC_ROOT_CLASS = YES_ERROR;
				CLANG_WARN_QUOTED_INCLUDE_IN_FRAMEWORK_HEADER = YES;
				CLANG_WARN_RANGE_LOOP_ANALYSIS = YES;
				CLANG_WARN_STRICT_PROTOTYPES = YES;
				CLANG_WARN_SUSPICIOUS_MOVE = YES;
				CLANG_WARN_UNGUARDED_AVAILABILITY = YES_AGGRESSIVE;
				CLANG_WARN_UNREACHABLE_CODE = YES;
				CLANG_WARN__DUPLICATE_METHOD_MATCH = YES;
				COPY_PHASE_STRIP = NO;
				DEBUG_INFORMATION_FORMAT = "dwarf-with-dsym";
				ENABLE_NS_ASSERTIONS = NO;
				ENABLE_STRICT_OBJC_MSGSEND = YES;
				GCC_C_LANGUAGE_STANDARD = gnu11;
				GCC_NO_COMMON_BLOCKS = YES;
				GCC_WARN_64_TO_32_BIT_CONVERSION = YES;
				GCC_WARN_ABOUT_RETURN_TYPE = YES_ERROR;
				GCC_WARN_UNDECLARED_SELECTOR = YES;
				GCC_WARN_UNINITIALIZED_AUTOS = YES_AGGRESSIVE;
				GCC_WARN_UNUSED_FUNCTION = YES;
				GCC_WARN_UNUSED_VARIABLE = YES;
				IPHONEOS_DEPLOYMENT_TARGET = 16.4;
				MTL_ENABLE_DEBUG_INFO = NO;
				MTL_FAST_MATH = YES;
				SDKROOT = iphoneos;
				SWIFT_COMPILATION_MODE = wholemodule;
				SWIFT_OPTIMIZATION_LEVEL = "-O";
				VALIDATE_PRODUCT = YES;
			};
			name = Release;
		};
		EF4651252A7A1AB60018478D /* Debug */ = {
			isa = XCBuildConfiguration;
			buildSettings = {
				ASSETCATALOG_COMPILER_APPICON_NAME = AppIcon;
				ASSETCATALOG_COMPILER_GLOBAL_ACCENT_COLOR_NAME = AccentColor;
				CODE_SIGN_STYLE = Automatic;
				CURRENT_PROJECT_VERSION = 1;
				DEVELOPMENT_TEAM = P63NPY4FC7;
				GENERATE_INFOPLIST_FILE = YES;
				INFOPLIST_FILE = Wishlist/Info.plist;
				INFOPLIST_KEY_UIApplicationSupportsIndirectInputEvents = YES;
				INFOPLIST_KEY_UILaunchStoryboardName = LaunchScreen;
				INFOPLIST_KEY_UIMainStoryboardFile = Main;
				INFOPLIST_KEY_UISupportedInterfaceOrientations_iPad = "UIInterfaceOrientationPortrait UIInterfaceOrientationPortraitUpsideDown UIInterfaceOrientationLandscapeLeft UIInterfaceOrientationLandscapeRight";
				INFOPLIST_KEY_UISupportedInterfaceOrientations_iPhone = "UIInterfaceOrientationPortrait UIInterfaceOrientationLandscapeLeft UIInterfaceOrientationLandscapeRight";
				LD_RUNPATH_SEARCH_PATHS = (
					"$(inherited)",
					"@executable_path/Frameworks",
				);
				MARKETING_VERSION = 1.0;
				PRODUCT_BUNDLE_IDENTIFIER = com.aleb.Wishlist;
				PRODUCT_NAME = "$(TARGET_NAME)";
				SWIFT_EMIT_LOC_STRINGS = YES;
				SWIFT_VERSION = 5.0;
				TARGETED_DEVICE_FAMILY = "1,2";
			};
			name = Debug;
		};
		EF4651262A7A1AB60018478D /* Release */ = {
			isa = XCBuildConfiguration;
			buildSettings = {
				ASSETCATALOG_COMPILER_APPICON_NAME = AppIcon;
				ASSETCATALOG_COMPILER_GLOBAL_ACCENT_COLOR_NAME = AccentColor;
				CODE_SIGN_STYLE = Automatic;
				CURRENT_PROJECT_VERSION = 1;
				DEVELOPMENT_TEAM = P63NPY4FC7;
				GENERATE_INFOPLIST_FILE = YES;
				INFOPLIST_FILE = Wishlist/Info.plist;
				INFOPLIST_KEY_UIApplicationSupportsIndirectInputEvents = YES;
				INFOPLIST_KEY_UILaunchStoryboardName = LaunchScreen;
				INFOPLIST_KEY_UIMainStoryboardFile = Main;
				INFOPLIST_KEY_UISupportedInterfaceOrientations_iPad = "UIInterfaceOrientationPortrait UIInterfaceOrientationPortraitUpsideDown UIInterfaceOrientationLandscapeLeft UIInterfaceOrientationLandscapeRight";
				INFOPLIST_KEY_UISupportedInterfaceOrientations_iPhone = "UIInterfaceOrientationPortrait UIInterfaceOrientationLandscapeLeft UIInterfaceOrientationLandscapeRight";
				LD_RUNPATH_SEARCH_PATHS = (
					"$(inherited)",
					"@executable_path/Frameworks",
				);
				MARKETING_VERSION = 1.0;
				PRODUCT_BUNDLE_IDENTIFIER = com.aleb.Wishlist;
				PRODUCT_NAME = "$(TARGET_NAME)";
				SWIFT_EMIT_LOC_STRINGS = YES;
				SWIFT_VERSION = 5.0;
				TARGETED_DEVICE_FAMILY = "1,2";
			};
			name = Release;
		};
/* End XCBuildConfiguration section */

/* Begin XCConfigurationList section */
		EF46510B2A7A1AB40018478D /* Build configuration list for PBXProject "Wishlist" */ = {
			isa = XCConfigurationList;
			buildConfigurations = (
				EF4651222A7A1AB60018478D /* Debug */,
				EF4651232A7A1AB60018478D /* Release */,
			);
			defaultConfigurationIsVisible = 0;
			defaultConfigurationName = Release;
		};
		EF4651242A7A1AB60018478D /* Build configuration list for PBXNativeTarget "Wishlist" */ = {
			isa = XCConfigurationList;
			buildConfigurations = (
				EF4651252A7A1AB60018478D /* Debug */,
				EF4651262A7A1AB60018478D /* Release */,
			);
			defaultConfigurationIsVisible = 0;
			defaultConfigurationName = Release;
		};
/* End XCConfigurationList section */
	};
	rootObject = EF4651082A7A1AB40018478D /* Project object */;
}
